
Microsoft Visual Studio Solution File, Format Version 12.00
# Visual Studio Version 17
VisualStudioVersion = 17.7.34031.279
MinimumVisualStudioVersion = 10.0.40219.1
Project("{FAE04EC0-301F-11D3-BF4B-00C04F79EFBC}") = "Vologa3_Modul4", "Vologa3_Modul4\Vologa3_Modul4.csproj", "{88BFDE43-A7D7-440E-8859-E6BA322816D4}"
EndProject
Global
	GlobalSection(SolutionConfigurationPlatforms) = preSolution
		Debug|Any CPU = Debug|Any CPU
		Release|Any CPU = Release|Any CPU
	EndGlobalSection
	GlobalSection(ProjectConfigurationPlatforms) = postSolution
		{88BFDE43-A7D7-440E-8859-E6BA322816D4}.Debug|Any CPU.ActiveCfg = Debug|Any CPU
		{88BFDE43-A7D7-440E-8859-E6BA322816D4}.Debug|Any CPU.Build.0 = Debug|Any CPU
		{88BFDE43-A7D7-440E-8859-E6BA322816D4}.Release|Any CPU.ActiveCfg = Release|Any CPU
		{88BFDE43-A7D7-440E-8859-E6BA322816D4}.Release|Any CPU.Build.0 = Release|Any CPU
	EndGlobalSection
	GlobalSection(SolutionProperties) = preSolution
		HideSolutionNode = FALSE
	EndGlobalSection
	GlobalSection(ExtensibilityGlobals) = postSolution
		SolutionGuid = {7FDC3033-A10A-4747-9903-622F29A1F121}
	EndGlobalSection
EndGlobal
